// !$*UTF8*$!
{
	archiveVersion = 1;
	classes = {
	};
	objectVersion = 77;
	objects = {

/* Begin PBXContainerItemProxy section */
		AB3F19ED2DF113E4007B7FE7 /* PBXContainerItemProxy */ = {
			isa = PBXContainerItemProxy;
			containerPortal = AB3F19D52DF113E2007B7FE7 /* Project object */;
			proxyType = 1;
			remoteGlobalIDString = AB3F19DC2DF113E2007B7FE7;
			remoteInfo = "lidar-imu-stream";
		};
		AB3F19F72DF113E4007B7FE7 /* PBXContainerItemProxy */ = {
			isa = PBXContainerItemProxy;
			containerPortal = AB3F19D52DF113E2007B7FE7 /* Project object */;
			proxyType = 1;
			remoteGlobalIDString = AB3F19DC2DF113E2007B7FE7;
			remoteInfo = "lidar-imu-stream";
		};
/* End PBXContainerItemProxy section */

/* Begin PBXFileReference section */
		AB3F19DD2DF113E2007B7FE7 /* lidar-imu-stream.app */ = {isa = PBXFileReference; explicitFileType = wrapper.application; includeInIndex = 0; path = "lidar-imu-stream.app"; sourceTree = BUILT_PRODUCTS_DIR; };
		AB3F19EC2DF113E3007B7FE7 /* lidar-imu-streamTests.xctest */ = {isa = PBXFileReference; explicitFileType = wrapper.cfbundle; includeInIndex = 0; path = "lidar-imu-streamTests.xctest"; sourceTree = BUILT_PRODUCTS_DIR; };
		AB3F19F62DF113E4007B7FE7 /* lidar-imu-streamUITests.xctest */ = {isa = PBXFileReference; explicitFileType = wrapper.cfbundle; includeInIndex = 0; path = "lidar-imu-streamUITests.xctest"; sourceTree = BUILT_PRODUCTS_DIR; };
/* End PBXFileReference section */

/* Begin PBXFileSystemSynchronizedRootGroup section */
		AB3F19DF2DF113E2007B7FE7 /* lidar-imu-stream */ = {
			isa = PBXFileSystemSynchronizedRootGroup;
			path = "lidar-imu-stream";
			sourceTree = "<group>";
		};
		AB3F19EF2DF113E4007B7FE7 /* lidar-imu-streamTests */ = {
			isa = PBXFileSystemSynchronizedRootGroup;
			path = "lidar-imu-streamTests";
			sourceTree = "<group>";
		};
		AB3F19F92DF113E4007B7FE7 /* lidar-imu-streamUITests */ = {
			isa = PBXFileSystemSynchronizedRootGroup;
			path = "lidar-imu-streamUITests";
			sourceTree = "<group>";
		};
/* End PBXFileSystemSynchronizedRootGroup section */

/* Begin PBXFrameworksBuildPhase section */
		AB3F19DA2DF113E2007B7FE7 /* Frameworks */ = {
			isa = PBXFrameworksBuildPhase;
			buildActionMask = 2147483647;
			files = (
			);
			runOnlyForDeploymentPostprocessing = 0;
		};
		AB3F19E92DF113E3007B7FE7 /* Frameworks */ = {
			isa = PBXFrameworksBuildPhase;
			buildActionMask = 2147483647;
			files = (
			);
			runOnlyForDeploymentPostprocessing = 0;
		};
		AB3F19F32DF113E4007B7FE7 /* Frameworks */ = {
			isa = PBXFrameworksBuildPhase;
			buildActionMask = 2147483647;
			files = (
			);
			runOnlyForDeploymentPostprocessing = 0;
		};
/* End PBXFrameworksBuildPhase section */

/* Begin PBXGroup section */
		AB3F19D42DF113E2007B7FE7 = {
			isa = PBXGroup;
			children = (
				AB3F19DF2DF113E2007B7FE7 /* lidar-imu-stream */,
				AB3F19EF2DF113E4007B7FE7 /* lidar-imu-streamTests */,
				AB3F19F92DF113E4007B7FE7 /* lidar-imu-streamUITests */,
				AB3F19DE2DF113E2007B7FE7 /* Products */,
			);
			sourceTree = "<group>";
		};
		AB3F19DE2DF113E2007B7FE7 /* Products */ = {
			isa = PBXGroup;
			children = (
				AB3F19DD2DF113E2007B7FE7 /* lidar-imu-stream.app */,
				AB3F19EC2DF113E3007B7FE7 /* lidar-imu-streamTests.xctest */,
				AB3F19F62DF113E4007B7FE7 /* lidar-imu-streamUITests.xctest */,
			);
			name = Products;
			sourceTree = "<group>";
		};
/* End PBXGroup section */

/* Begin PBXNativeTarget section */
		AB3F19DC2DF113E2007B7FE7 /* lidar-imu-stream */ = {
			isa = PBXNativeTarget;
			buildConfigurationList = AB3F1A002DF113E4007B7FE7 /* Build configuration list for PBXNativeTarget "lidar-imu-stream" */;
			buildPhases = (
				AB3F19D92DF113E2007B7FE7 /* Sources */,
				AB3F19DA2DF113E2007B7FE7 /* Frameworks */,
				AB3F19DB2DF113E2007B7FE7 /* Resources */,
			);
			buildRules = (
			);
			dependencies = (
			);
			fileSystemSynchronizedGroups = (
				AB3F19DF2DF113E2007B7FE7 /* lidar-imu-stream */,
			);
			name = "lidar-imu-stream";
			packageProductDependencies = (
			);
			productName = "lidar-imu-stream";
			productReference = AB3F19DD2DF113E2007B7FE7 /* lidar-imu-stream.app */;
			productType = "com.apple.product-type.application";
		};
		AB3F19EB2DF113E3007B7FE7 /* lidar-imu-streamTests */ = {
			isa = PBXNativeTarget;
			buildConfigurationList = AB3F1A032DF113E4007B7FE7 /* Build configuration list for PBXNativeTarget "lidar-imu-streamTests" */;
			buildPhases = (
				AB3F19E82DF113E3007B7FE7 /* Sources */,
				AB3F19E92DF113E3007B7FE7 /* Frameworks */,
				AB3F19EA2DF113E3007B7FE7 /* Resources */,
			);
			buildRules = (
			);
			dependencies = (
				AB3F19EE2DF113E4007B7FE7 /* PBXTargetDependency */,
			);
			fileSystemSynchronizedGroups = (
				AB3F19EF2DF113E4007B7FE7 /* lidar-imu-streamTests */,
			);
			name = "lidar-imu-streamTests";
			packageProductDependencies = (
			);
			productName = "lidar-imu-streamTests";
			productReference = AB3F19EC2DF113E3007B7FE7 /* lidar-imu-streamTests.xctest */;
			productType = "com.apple.product-type.bundle.unit-test";
		};
		AB3F19F52DF113E4007B7FE7 /* lidar-imu-streamUITests */ = {
			isa = PBXNativeTarget;
			buildConfigurationList = AB3F1A062DF113E4007B7FE7 /* Build configuration list for PBXNativeTarget "lidar-imu-streamUITests" */;
			buildPhases = (
				AB3F19F22DF113E4007B7FE7 /* Sources */,
				AB3F19F32DF113E4007B7FE7 /* Frameworks */,
				AB3F19F42DF113E4007B7FE7 /* Resources */,
			);
			buildRules = (
			);
			dependencies = (
				AB3F19F82DF113E4007B7FE7 /* PBXTargetDependency */,
			);
			fileSystemSynchronizedGroups = (
				AB3F19F92DF113E4007B7FE7 /* lidar-imu-streamUITests */,
			);
			name = "lidar-imu-streamUITests";
			packageProductDependencies = (
			);
			productName = "lidar-imu-streamUITests";
			productReference = AB3F19F62DF113E4007B7FE7 /* lidar-imu-streamUITests.xctest */;
			productType = "com.apple.product-type.bundle.ui-testing";
		};
/* End PBXNativeTarget section */

/* Begin PBXProject section */
		AB3F19D52DF113E2007B7FE7 /* Project object */ = {
			isa = PBXProject;
			attributes = {
				BuildIndependentTargetsInParallel = 1;
				LastSwiftUpdateCheck = 1640;
				LastUpgradeCheck = 1640;
				TargetAttributes = {
					AB3F19DC2DF113E2007B7FE7 = {
						CreatedOnToolsVersion = 16.4;
					};
					AB3F19EB2DF113E3007B7FE7 = {
						CreatedOnToolsVersion = 16.4;
						TestTargetID = AB3F19DC2DF113E2007B7FE7;
					};
					AB3F19F52DF113E4007B7FE7 = {
						CreatedOnToolsVersion = 16.4;
						TestTargetID = AB3F19DC2DF113E2007B7FE7;
					};
				};
			};
			buildConfigurationList = AB3F19D82DF113E2007B7FE7 /* Build configuration list for PBXProject "lidar-imu-stream" */;
			developmentRegion = en;
			hasScannedForEncodings = 0;
			knownRegions = (
				en,
				Base,
			);
			mainGroup = AB3F19D42DF113E2007B7FE7;
			minimizedProjectReferenceProxies = 1;
			preferredProjectObjectVersion = 77;
			productRefGroup = AB3F19DE2DF113E2007B7FE7 /* Products */;
			projectDirPath = "";
			projectRoot = "";
			targets = (
				AB3F19DC2DF113E2007B7FE7 /* lidar-imu-stream */,
				AB3F19EB2DF113E3007B7FE7 /* lidar-imu-streamTests */,
				AB3F19F52DF113E4007B7FE7 /* lidar-imu-streamUITests */,
			);
		};
/* End PBXProject section */

/* Begin PBXResourcesBuildPhase section */
		AB3F19DB2DF113E2007B7FE7 /* Resources */ = {
			isa = PBXResourcesBuildPhase;
			buildActionMask = 2147483647;
			files = (
			);
			runOnlyForDeploymentPostprocessing = 0;
		};
		AB3F19EA2DF113E3007B7FE7 /* Resources */ = {
			isa = PBXResourcesBuildPhase;
			buildActionMask = 2147483647;
			files = (
			);
			runOnlyForDeploymentPostprocessing = 0;
		};
		AB3F19F42DF113E4007B7FE7 /* Resources */ = {
			isa = PBXResourcesBuildPhase;
			buildActionMask = 2147483647;
			files = (
			);
			runOnlyForDeploymentPostprocessing = 0;
		};
/* End PBXResourcesBuildPhase section */

/* Begin PBXSourcesBuildPhase section */
		AB3F19D92DF113E2007B7FE7 /* Sources */ = {
			isa = PBXSourcesBuildPhase;
			buildActionMask = 2147483647;
			files = (
			);
			runOnlyForDeploymentPostprocessing = 0;
		};
		AB3F19E82DF113E3007B7FE7 /* Sources */ = {
			isa = PBXSourcesBuildPhase;
			buildActionMask = 2147483647;
			files = (
			);
			runOnlyForDeploymentPostprocessing = 0;
		};
		AB3F19F22DF113E4007B7FE7 /* Sources */ = {
			isa = PBXSourcesBuildPhase;
			buildActionMask = 2147483647;
			files = (
			);
			runOnlyForDeploymentPostprocessing = 0;
		};
/* End PBXSourcesBuildPhase section */

/* Begin PBXTargetDependency section */
		AB3F19EE2DF113E4007B7FE7 /* PBXTargetDependency */ = {
			isa = PBXTargetDependency;
			target = AB3F19DC2DF113E2007B7FE7 /* lidar-imu-stream */;
			targetProxy = AB3F19ED2DF113E4007B7FE7 /* PBXContainerItemProxy */;
		};
		AB3F19F82DF113E4007B7FE7 /* PBXTargetDependency */ = {
			isa = PBXTargetDependency;
			target = AB3F19DC2DF113E2007B7FE7 /* lidar-imu-stream */;
			targetProxy = AB3F19F72DF113E4007B7FE7 /* PBXContainerItemProxy */;
		};
/* End PBXTargetDependency section */

/* Begin XCBuildConfiguration section */
		AB3F19FE2DF113E4007B7FE7 /* Debug */ = {
			isa = XCBuildConfiguration;
			buildSettings = {
				ALWAYS_SEARCH_USER_PATHS = NO;
				ASSETCATALOG_COMPILER_GENERATE_SWIFT_ASSET_SYMBOL_EXTENSIONS = YES;
				CLANG_ANALYZER_NONNULL = YES;
				CLANG_ANALYZER_NUMBER_OBJECT_CONVERSION = YES_AGGRESSIVE;
				CLANG_CXX_LANGUAGE_STANDARD = "gnu++20";
				CLANG_ENABLE_MODULES = YES;
				CLANG_ENABLE_OBJC_ARC = YES;
				CLANG_ENABLE_OBJC_WEAK = YES;
				CLANG_WARN_BLOCK_CAPTURE_AUTORELEASING = YES;
				CLANG_WARN_BOOL_CONVERSION = YES;
				CLANG_WARN_COMMA = YES;
				CLANG_WARN_CONSTANT_CONVERSION = YES;
				CLANG_WARN_DEPRECATED_OBJC_IMPLEMENTATIONS = YES;
				CLANG_WARN_DIRECT_OBJC_ISA_USAGE = YES_ERROR;
				CLANG_WARN_DOCUMENTATION_COMMENTS = YES;
				CLANG_WARN_EMPTY_BODY = YES;
				CLANG_WARN_ENUM_CONVERSION = YES;
				CLANG_WARN_INFINITE_RECURSION = YES;
				CLANG_WARN_INT_CONVERSION = YES;
				CLANG_WARN_NON_LITERAL_NULL_CONVERSION = YES;
				CLANG_WARN_OBJC_IMPLICIT_RETAIN_SELF = YES;
				CLANG_WARN_OBJC_LITERAL_CONVERSION = YES;
				CLANG_WARN_OBJC_ROOT_CLASS = YES_ERROR;
				CLANG_WARN_QUOTED_INCLUDE_IN_FRAMEWORK_HEADER = YES;
				CLANG_WARN_RANGE_LOOP_ANALYSIS = YES;
				CLANG_WARN_STRICT_PROTOTYPES = YES;
				CLANG_WARN_SUSPICIOUS_MOVE = YES;
				CLANG_WARN_UNGUARDED_AVAILABILITY = YES_AGGRESSIVE;
				CLANG_WARN_UNREACHABLE_CODE = YES;
				CLANG_WARN__DUPLICATE_METHOD_MATCH = YES;
				COPY_PHASE_STRIP = NO;
				DEBUG_INFORMATION_FORMAT = dwarf;
				DEVELOPMENT_TEAM = WH569S8L3K;
				ENABLE_STRICT_OBJC_MSGSEND = YES;
				ENABLE_TESTABILITY = YES;
				ENABLE_USER_SCRIPT_SANDBOXING = YES;
				GCC_C_LANGUAGE_STANDARD = gnu17;
				GCC_DYNAMIC_NO_PIC = NO;
				GCC_NO_COMMON_BLOCKS = YES;
				GCC_OPTIMIZATION_LEVEL = 0;
				GCC_PREPROCESSOR_DEFINITIONS = (
					"DEBUG=1",
					"$(inherited)",
				);
				GCC_WARN_64_TO_32_BIT_CONVERSION = YES;
				GCC_WARN_ABOUT_RETURN_TYPE = YES_ERROR;
				GCC_WARN_UNDECLARED_SELECTOR = YES;
				GCC_WARN_UNINITIALIZED_AUTOS = YES_AGGRESSIVE;
				GCC_WARN_UNUSED_FUNCTION = YES;
				GCC_WARN_UNUSED_VARIABLE = YES;
				IPHONEOS_DEPLOYMENT_TARGET = 18.5;
				LOCALIZATION_PREFERS_STRING_CATALOGS = YES;
				MTL_ENABLE_DEBUG_INFO = INCLUDE_SOURCE;
				MTL_FAST_MATH = YES;
				ONLY_ACTIVE_ARCH = YES;
				SDKROOT = iphoneos;
				SWIFT_ACTIVE_COMPILATION_CONDITIONS = "DEBUG $(inherited)";
				SWIFT_OPTIMIZATION_LEVEL = "-Onone";
			};
			name = Debug;
		};
		AB3F19FF2DF113E4007B7FE7 /* Release */ = {
			isa = XCBuildConfiguration;
			buildSettings = {
				ALWAYS_SEARCH_USER_PATHS = NO;
				ASSETCATALOG_COMPILER_GENERATE_SWIFT_ASSET_SYMBOL_EXTENSIONS = YES;
				CLANG_ANALYZER_NONNULL = YES;
				CLANG_ANALYZER_NUMBER_OBJECT_CONVERSION = YES_AGGRESSIVE;
				CLANG_CXX_LANGUAGE_STANDARD = "gnu++20";
				CLANG_ENABLE_MODULES = YES;
				CLANG_ENABLE_OBJC_ARC = YES;
				CLANG_ENABLE_OBJC_WEAK = YES;
				CLANG_WARN_BLOCK_CAPTURE_AUTORELEASING = YES;
				CLANG_WARN_BOOL_CONVERSION = YES;
				CLANG_WARN_COMMA = YES;
				CLANG_WARN_CONSTANT_CONVERSION = YES;
				CLANG_WARN_DEPRECATED_OBJC_IMPLEMENTATIONS = YES;
				CLANG_WARN_DIRECT_OBJC_ISA_USAGE = YES_ERROR;
				CLANG_WARN_DOCUMENTATION_COMMENTS = YES;
				CLANG_WARN_EMPTY_BODY = YES;
				CLANG_WARN_ENUM_CONVERSION = YES;
				CLANG_WARN_INFINITE_RECURSION = YES;
				CLANG_WARN_INT_CONVERSION = YES;
				CLANG_WARN_NON_LITERAL_NULL_CONVERSION = YES;
				CLANG_WARN_OBJC_IMPLICIT_RETAIN_SELF = YES;
				CLANG_WARN_OBJC_LITERAL_CONVERSION = YES;
				CLANG_WARN_OBJC_ROOT_CLASS = YES_ERROR;
				CLANG_WARN_QUOTED_INCLUDE_IN_FRAMEWORK_HEADER = YES;
				CLANG_WARN_RANGE_LOOP_ANALYSIS = YES;
				CLANG_WARN_STRICT_PROTOTYPES = YES;
				CLANG_WARN_SUSPICIOUS_MOVE = YES;
				CLANG_WARN_UNGUARDED_AVAILABILITY = YES_AGGRESSIVE;
				CLANG_WARN_UNREACHABLE_CODE = YES;
				CLANG_WARN__DUPLICATE_METHOD_MATCH = YES;
				COPY_PHASE_STRIP = NO;
				DEBUG_INFORMATION_FORMAT = "dwarf-with-dsym";
				DEVELOPMENT_TEAM = WH569S8L3K;
				ENABLE_NS_ASSERTIONS = NO;
				ENABLE_STRICT_OBJC_MSGSEND = YES;
				ENABLE_USER_SCRIPT_SANDBOXING = YES;
				GCC_C_LANGUAGE_STANDARD = gnu17;
				GCC_NO_COMMON_BLOCKS = YES;
				GCC_WARN_64_TO_32_BIT_CONVERSION = YES;
				GCC_WARN_ABOUT_RETURN_TYPE = YES_ERROR;
				GCC_WARN_UNDECLARED_SELECTOR = YES;
				GCC_WARN_UNINITIALIZED_AUTOS = YES_AGGRESSIVE;
				GCC_WARN_UNUSED_FUNCTION = YES;
				GCC_WARN_UNUSED_VARIABLE = YES;
				IPHONEOS_DEPLOYMENT_TARGET = 18.5;
				LOCALIZATION_PREFERS_STRING_CATALOGS = YES;
				MTL_ENABLE_DEBUG_INFO = NO;
				MTL_FAST_MATH = YES;
				SDKROOT = iphoneos;
				SWIFT_COMPILATION_MODE = wholemodule;
				VALIDATE_PRODUCT = YES;
			};
			name = Release;
		};
		AB3F1A012DF113E4007B7FE7 /* Debug */ = {
			isa = XCBuildConfiguration;
			buildSettings = {
				ASSETCATALOG_COMPILER_APPICON_NAME = AppIcon;
				ASSETCATALOG_COMPILER_GLOBAL_ACCENT_COLOR_NAME = AccentColor;
				CODE_SIGN_STYLE = Automatic;
				CURRENT_PROJECT_VERSION = 1;
				DEVELOPMENT_TEAM = WH569S8L3K;
				ENABLE_PREVIEWS = YES;
				GENERATE_INFOPLIST_FILE = YES;
				INFOPLIST_KEY_UIApplicationSceneManifest_Generation = YES;
				INFOPLIST_KEY_UIApplicationSupportsIndirectInputEvents = YES;
				INFOPLIST_KEY_UILaunchScreen_Generation = YES;
				INFOPLIST_KEY_UISupportedInterfaceOrientations_iPad = "UIInterfaceOrientationPortrait UIInterfaceOrientationPortraitUpsideDown UIInterfaceOrientationLandscapeLeft UIInterfaceOrientationLandscapeRight";
				INFOPLIST_KEY_UISupportedInterfaceOrientations_iPhone = "UIInterfaceOrientationPortrait UIInterfaceOrientationLandscapeLeft UIInterfaceOrientationLandscapeRight";
				LD_RUNPATH_SEARCH_PATHS = (
					"$(inherited)",
					"@executable_path/Frameworks",
				);
				MARKETING_VERSION = 1.0;
				PRODUCT_BUNDLE_IDENTIFIER = "lidar-imu-stream.lidar-imu-stream";
				PRODUCT_NAME = "$(TARGET_NAME)";
				SWIFT_EMIT_LOC_STRINGS = YES;
				SWIFT_VERSION = 5.0;
				TARGETED_DEVICE_FAMILY = "1,2";
			};
			name = Debug;
		};
		AB3F1A022DF113E4007B7FE7 /* Release */ = {
			isa = XCBuildConfiguration;
			buildSettings = {
				ASSETCATALOG_COMPILER_APPICON_NAME = AppIcon;
				ASSETCATALOG_COMPILER_GLOBAL_ACCENT_COLOR_NAME = AccentColor;
				CODE_SIGN_STYLE = Automatic;
				CURRENT_PROJECT_VERSION = 1;
				DEVELOPMENT_TEAM = WH569S8L3K;
				ENABLE_PREVIEWS = YES;
				GENERATE_INFOPLIST_FILE = YES;
				INFOPLIST_KEY_UIApplicationSceneManifest_Generation = YES;
				INFOPLIST_KEY_UIApplicationSupportsIndirectInputEvents = YES;
				INFOPLIST_KEY_UILaunchScreen_Generation = YES;
				INFOPLIST_KEY_UISupportedInterfaceOrientations_iPad = "UIInterfaceOrientationPortrait UIInterfaceOrientationPortraitUpsideDown UIInterfaceOrientationLandscapeLeft UIInterfaceOrientationLandscapeRight";
				INFOPLIST_KEY_UISupportedInterfaceOrientations_iPhone = "UIInterfaceOrientationPortrait UIInterfaceOrientationLandscapeLeft UIInterfaceOrientationLandscapeRight";
				LD_RUNPATH_SEARCH_PATHS = (
					"$(inherited)",
					"@executable_path/Frameworks",
				);
				MARKETING_VERSION = 1.0;
				PRODUCT_BUNDLE_IDENTIFIER = "lidar-imu-stream.lidar-imu-stream";
				PRODUCT_NAME = "$(TARGET_NAME)";
				SWIFT_EMIT_LOC_STRINGS = YES;
				SWIFT_VERSION = 5.0;
				TARGETED_DEVICE_FAMILY = "1,2";
			};
			name = Release;
		};
		AB3F1A042DF113E4007B7FE7 /* Debug */ = {
			isa = XCBuildConfiguration;
			buildSettings = {
				BUNDLE_LOADER = "$(TEST_HOST)";
				CODE_SIGN_STYLE = Automatic;
				CURRENT_PROJECT_VERSION = 1;
				DEVELOPMENT_TEAM = WH569S8L3K;
				GENERATE_INFOPLIST_FILE = YES;
				IPHONEOS_DEPLOYMENT_TARGET = 18.5;
				MARKETING_VERSION = 1.0;
				PRODUCT_BUNDLE_IDENTIFIER = "lidar-imu-stream.lidar-imu-streamTests";
				PRODUCT_NAME = "$(TARGET_NAME)";
				SWIFT_EMIT_LOC_STRINGS = NO;
				SWIFT_VERSION = 5.0;
				TARGETED_DEVICE_FAMILY = "1,2";
				TEST_HOST = "$(BUILT_PRODUCTS_DIR)/lidar-imu-stream.app/$(BUNDLE_EXECUTABLE_FOLDER_PATH)/lidar-imu-stream";
			};
			name = Debug;
		};
		AB3F1A052DF113E4007B7FE7 /* Release */ = {
			isa = XCBuildConfiguration;
			buildSettings = {
				BUNDLE_LOADER = "$(TEST_HOST)";
				CODE_SIGN_STYLE = Automatic;
				CURRENT_PROJECT_VERSION = 1;
				DEVELOPMENT_TEAM = WH569S8L3K;
				GENERATE_INFOPLIST_FILE = YES;
				IPHONEOS_DEPLOYMENT_TARGET = 18.5;
				MARKETING_VERSION = 1.0;
				PRODUCT_BUNDLE_IDENTIFIER = "lidar-imu-stream.lidar-imu-streamTests";
				PRODUCT_NAME = "$(TARGET_NAME)";
				SWIFT_EMIT_LOC_STRINGS = NO;
				SWIFT_VERSION = 5.0;
				TARGETED_DEVICE_FAMILY = "1,2";
				TEST_HOST = "$(BUILT_PRODUCTS_DIR)/lidar-imu-stream.app/$(BUNDLE_EXECUTABLE_FOLDER_PATH)/lidar-imu-stream";
			};
			name = Release;
		};
		AB3F1A072DF113E4007B7FE7 /* Debug */ = {
			isa = XCBuildConfiguration;
			buildSettings = {
				CODE_SIGN_STYLE = Automatic;
				CURRENT_PROJECT_VERSION = 1;
				DEVELOPMENT_TEAM = WH569S8L3K;
				GENERATE_INFOPLIST_FILE = YES;
				MARKETING_VERSION = 1.0;
				PRODUCT_BUNDLE_IDENTIFIER = "lidar-imu-stream.lidar-imu-streamUITests";
				PRODUCT_NAME = "$(TARGET_NAME)";
				SWIFT_EMIT_LOC_STRINGS = NO;
				SWIFT_VERSION = 5.0;
				TARGETED_DEVICE_FAMILY = "1,2";
				TEST_TARGET_NAME = "lidar-imu-stream";
			};
			name = Debug;
		};
		AB3F1A082DF113E4007B7FE7 /* Release */ = {
			isa = XCBuildConfiguration;
			buildSettings = {
				CODE_SIGN_STYLE = Automatic;
				CURRENT_PROJECT_VERSION = 1;
				DEVELOPMENT_TEAM = WH569S8L3K;
				GENERATE_INFOPLIST_FILE = YES;
				MARKETING_VERSION = 1.0;
				PRODUCT_BUNDLE_IDENTIFIER = "lidar-imu-stream.lidar-imu-streamUITests";
				PRODUCT_NAME = "$(TARGET_NAME)";
				SWIFT_EMIT_LOC_STRINGS = NO;
				SWIFT_VERSION = 5.0;
				TARGETED_DEVICE_FAMILY = "1,2";
				TEST_TARGET_NAME = "lidar-imu-stream";
			};
			name = Release;
		};
/* End XCBuildConfiguration section */

/* Begin XCConfigurationList section */
		AB3F19D82DF113E2007B7FE7 /* Build configuration list for PBXProject "lidar-imu-stream" */ = {
			isa = XCConfigurationList;
			buildConfigurations = (
				AB3F19FE2DF113E4007B7FE7 /* Debug */,
				AB3F19FF2DF113E4007B7FE7 /* Release */,
			);
			defaultConfigurationIsVisible = 0;
			defaultConfigurationName = Release;
		};
		AB3F1A002DF113E4007B7FE7 /* Build configuration list for PBXNativeTarget "lidar-imu-stream" */ = {
			isa = XCConfigurationList;
			buildConfigurations = (
				AB3F1A012DF113E4007B7FE7 /* Debug */,
				AB3F1A022DF113E4007B7FE7 /* Release */,
			);
			defaultConfigurationIsVisible = 0;
			defaultConfigurationName = Release;
		};
		AB3F1A032DF113E4007B7FE7 /* Build configuration list for PBXNativeTarget "lidar-imu-streamTests" */ = {
			isa = XCConfigurationList;
			buildConfigurations = (
				AB3F1A042DF113E4007B7FE7 /* Debug */,
				AB3F1A052DF113E4007B7FE7 /* Release */,
			);
			defaultConfigurationIsVisible = 0;
			defaultConfigurationName = Release;
		};
		AB3F1A062DF113E4007B7FE7 /* Build configuration list for PBXNativeTarget "lidar-imu-streamUITests" */ = {
			isa = XCConfigurationList;
			buildConfigurations = (
				AB3F1A072DF113E4007B7FE7 /* Debug */,
				AB3F1A082DF113E4007B7FE7 /* Release */,
			);
			defaultConfigurationIsVisible = 0;
			defaultConfigurationName = Release;
		};
/* End XCConfigurationList section */
	};
	rootObject = AB3F19D52DF113E2007B7FE7 /* Project object */;
}
